
Microsoft Visual Studio Solution File, Format Version 12.00
# Visual Studio Version 16
VisualStudioVersion = 16.0.30011.22
MinimumVisualStudioVersion = 10.0.40219.1
Project("{FAE04EC0-301F-11D3-BF4B-00C04F79EFBC}") = "XMULibrary", "XMULibrary.csproj", "{6C3BB154-41A9-4C09-94A3-BC615EF4FE31}"
EndProject
Global
	GlobalSection(SolutionConfigurationPlatforms) = preSolution
		Debug|Any CPU = Debug|Any CPU
		Release|Any CPU = Release|Any CPU
	EndGlobalSection
	GlobalSection(ProjectConfigurationPlatforms) = postSolution
		{6C3BB154-41A9-4C09-94A3-BC615EF4FE31}.Debug|Any CPU.ActiveCfg = Debug|Any CPU
		{6C3BB154-41A9-4C09-94A3-BC615EF4FE31}.Debug|Any CPU.Build.0 = Debug|Any CPU
		{6C3BB154-41A9-4C09-94A3-BC615EF4FE31}.Release|Any CPU.ActiveCfg = Release|Any CPU
		{6C3BB154-41A9-4C09-94A3-BC615EF4FE31}.Release|Any CPU.Build.0 = Release|Any CPU
	EndGlobalSection
	GlobalSection(SolutionProperties) = preSolution
		HideSolutionNode = FALSE
	EndGlobalSection
	GlobalSection(ExtensibilityGlobals) = postSolution
		SolutionGuid = {798CA749-E11F-4806-B2E9-E3F8A7FA7C66}
	EndGlobalSection
EndGlobal
